
Microsoft Visual Studio Solution File, Format Version 12.00
# Visual Studio Version 16
VisualStudioVersion = 16.0.30320.27
MinimumVisualStudioVersion = 10.0.40219.1
Project("{FAE04EC0-301F-11D3-BF4B-00C04F79EFBC}") = "TesteNotifications", "TesteNotifications\TesteNotifications.csproj", "{301F868B-433F-49EA-ABEF-E9FFA2AFDDC0}"
EndProject
Global
	GlobalSection(SolutionConfigurationPlatforms) = preSolution
		Debug|Any CPU = Debug|Any CPU
		Release|Any CPU = Release|Any CPU
	EndGlobalSection
	GlobalSection(ProjectConfigurationPlatforms) = postSolution
		{301F868B-433F-49EA-ABEF-E9FFA2AFDDC0}.Debug|Any CPU.ActiveCfg = Debug|Any CPU
		{301F868B-433F-49EA-ABEF-E9FFA2AFDDC0}.Debug|Any CPU.Build.0 = Debug|Any CPU
		{301F868B-433F-49EA-ABEF-E9FFA2AFDDC0}.Release|Any CPU.ActiveCfg = Release|Any CPU
		{301F868B-433F-49EA-ABEF-E9FFA2AFDDC0}.Release|Any CPU.Build.0 = Release|Any CPU
	EndGlobalSection
	GlobalSection(SolutionProperties) = preSolution
		HideSolutionNode = FALSE
	EndGlobalSection
	GlobalSection(ExtensibilityGlobals) = postSolution
		SolutionGuid = {FAA24A70-2E0F-418C-B289-DF9A43BC163F}
	EndGlobalSection
EndGlobal
